
Microsoft Visual Studio Solution File, Format Version 12.00
# Visual Studio Version 17
VisualStudioVersion = 17.7.34202.233
MinimumVisualStudioVersion = 10.0.40219.1
Project("{FAE04EC0-301F-11D3-BF4B-00C04F79EFBC}") = "FootballApi", "FootballApi\FootballApi.csproj", "{05F2FE23-0E36-4A3E-A9FF-5B85ECCF681F}"
EndProject
Project("{FAE04EC0-301F-11D3-BF4B-00C04F79EFBC}") = "FootballApi.Core", "FootballApi.Core\FootballApi.Core.csproj", "{E2398D80-2D04-47B9-B74A-F3D86C777F76}"
EndProject
Project("{FAE04EC0-301F-11D3-BF4B-00C04F79EFBC}") = "FootballApi.EF", "FootballApi.EF\FootballApi.EF.csproj", "{D072B45D-36B0-41CB-85F2-C249F12A542B}"
EndProject
Global
	GlobalSection(SolutionConfigurationPlatforms) = preSolution
		Debug|Any CPU = Debug|Any CPU
		Release|Any CPU = Release|Any CPU
	EndGlobalSection
	GlobalSection(ProjectConfigurationPlatforms) = postSolution
		{05F2FE23-0E36-4A3E-A9FF-5B85ECCF681F}.Debug|Any CPU.ActiveCfg = Debug|Any CPU
		{05F2FE23-0E36-4A3E-A9FF-5B85ECCF681F}.Debug|Any CPU.Build.0 = Debug|Any CPU
		{05F2FE23-0E36-4A3E-A9FF-5B85ECCF681F}.Release|Any CPU.ActiveCfg = Release|Any CPU
		{05F2FE23-0E36-4A3E-A9FF-5B85ECCF681F}.Release|Any CPU.Build.0 = Release|Any CPU
		{E2398D80-2D04-47B9-B74A-F3D86C777F76}.Debug|Any CPU.ActiveCfg = Debug|Any CPU
		{E2398D80-2D04-47B9-B74A-F3D86C777F76}.Debug|Any CPU.Build.0 = Debug|Any CPU
		{E2398D80-2D04-47B9-B74A-F3D86C777F76}.Release|Any CPU.ActiveCfg = Release|Any CPU
		{E2398D80-2D04-47B9-B74A-F3D86C777F76}.Release|Any CPU.Build.0 = Release|Any CPU
		{D072B45D-36B0-41CB-85F2-C249F12A542B}.Debug|Any CPU.ActiveCfg = Debug|Any CPU
		{D072B45D-36B0-41CB-85F2-C249F12A542B}.Debug|Any CPU.Build.0 = Debug|Any CPU
		{D072B45D-36B0-41CB-85F2-C249F12A542B}.Release|Any CPU.ActiveCfg = Release|Any CPU
		{D072B45D-36B0-41CB-85F2-C249F12A542B}.Release|Any CPU.Build.0 = Release|Any CPU
	EndGlobalSection
	GlobalSection(SolutionProperties) = preSolution
		HideSolutionNode = FALSE
	EndGlobalSection
	GlobalSection(ExtensibilityGlobals) = postSolution
		SolutionGuid = {1F55F601-F74F-4E8F-ACC5-DCB428441D56}
	EndGlobalSection
EndGlobal
